{
  "name": "xcpc-elo",
  "version": "1.0.0",
  "lockfileVersion": 3,
  "requires": true,
  "packages": {
    "": {
      "name": "xcpc-elo",
      "version": "1.0.0",
      "license": "ISC",
      "dependencies": {
        "@algoux/standard-ranklist": "^0.3.12",
        "@algoux/standard-ranklist-utils": "^0.2.12",
        "js-yaml": "^4.1.1"
      }
    },
    "node_modules/@algoux/standard-ranklist": {
      "version": "0.3.12",
      "resolved": "http://repo.nju.edu.cn/npm/@algoux/standard-ranklist/-/standard-ranklist-0.3.12.tgz",
      "integrity": "sha512-O15MB6vtukM6sVZbbHxUNYbQqQWup4Q6FZIFHw+tPdK6RiHKlquQciAknAUPm2Ol14ewOzXxXVurY3dwvJkZGA==",
      "license": "MIT"
    },
    "node_modules/@algoux/standard-ranklist-utils": {
      "version": "0.2.12",
      "resolved": "http://repo.nju.edu.cn/npm/@algoux/standard-ranklist-utils/-/standard-ranklist-utils-0.2.12.tgz",
      "integrity": "sha512-pyNMwBc6+YwVTCKqVynLaNlN/SWPkZWUANU/E16eo3o3olWrNez3Y/fclryfXRd5Bxqtt2fuWmPaTTWddyppWw==",
      "license": "MIT",
      "dependencies": {
        "@types/semver": "^7.5.0",
        "bcp-47-match": "^2.0.2",
        "bignumber.js": "^9.1.1",
        "semver": "^7.5.4",
        "textcolor": "^1.0.2"
      },
      "peerDependencies": {
        "@algoux/standard-ranklist": "*"
      }
    },
    "node_modules/@types/semver": {
      "version": "7.7.1",
      "resolved": "http://repo.nju.edu.cn/npm/@types/semver/-/semver-7.7.1.tgz",
      "integrity": "sha512-FmgJfu+MOcQ370SD0ev7EI8TlCAfKYU+B4m5T3yXc1CiRN94g/SZPtsCkk506aUDtlMnFZvasDwHHUcZUEaYuA==",
      "license": "MIT"
    },
    "node_modules/argparse": {
      "version": "2.0.1",
      "resolved": "http://repo.nju.edu.cn/npm/argparse/-/argparse-2.0.1.tgz",
      "integrity": "sha512-8+9WqebbFzpX9OR+Wa6O29asIogeRMzcGtAINdpMHHyAg10f05aSFVBbcEqGf/PXw1EjAZ+q2/bEBg3DvurK3Q==",
      "license": "Python-2.0"
    },
    "node_modules/bcp-47-match": {
      "version": "2.0.3",
      "resolved": "http://repo.nju.edu.cn/npm/bcp-47-match/-/bcp-47-match-2.0.3.tgz",
      "integrity": "sha512-JtTezzbAibu8G0R9op9zb3vcWZd9JF6M0xOYGPn0fNCd7wOpRB1mU2mH9T8gaBGbAAyIIVgB2G7xG0GP98zMAQ==",
      "license": "MIT",
      "funding": {
        "type": "github",
        "url": "https://github.com/sponsors/wooorm"
      }
    },
    "node_modules/bignumber.js": {
      "version": "9.3.1",
      "resolved": "http://repo.nju.edu.cn/npm/bignumber.js/-/bignumber.js-9.3.1.tgz",
      "integrity": "sha512-Ko0uX15oIUS7wJ3Rb30Fs6SkVbLmPBAKdlm7q9+ak9bbIeFf0MwuBsQV6z7+X768/cHsfg+WlysDWJcmthjsjQ==",
      "license": "MIT",
      "engines": {
        "node": "*"
      }
    },
    "node_modules/js-yaml": {
      "version": "4.1.1",
      "resolved": "http://repo.nju.edu.cn/npm/js-yaml/-/js-yaml-4.1.1.tgz",
      "integrity": "sha512-qQKT4zQxXl8lLwBtHMWwaTcGfFOZviOJet3Oy/xmGk2gZH677CJM9EvtfdSkgWcATZhj/55JZ0rmy3myCT5lsA==",
      "license": "MIT",
      "dependencies": {
        "argparse": "^2.0.1"
      },
      "bin": {
        "js-yaml": "bin/js-yaml.js"
      }
    },
    "node_modules/semver": {
      "version": "7.7.4",
      "resolved": "http://repo.nju.edu.cn/npm/semver/-/semver-7.7.4.tgz",
      "integrity": "sha512-vFKC2IEtQnVhpT78h1Yp8wzwrf8CM+MzKMHGJZfBtzhZNycRFnXsHk6E5TxIkkMsgNS7mdX3AGB7x2QM2di4lA==",
      "license": "ISC",
      "bin": {
        "semver": "bin/semver.js"
      },
      "engines": {
        "node": ">=10"
      }
    },
    "node_modules/textcolor": {
      "version": "1.0.2",
      "resolved": "http://repo.nju.edu.cn/npm/textcolor/-/textcolor-1.0.2.tgz",
      "integrity": "sha512-+frmW0G8e23xh30MCL47JWhXF+ckrPEzkCv4VJfXZpu08VsLJgvnWuVOivi2Ih8l0eBa9oCio0/SdiHra2357A==",
      "license": "ISC"
    }
  }
}
